// !$*UTF8*$!
{
	archiveVersion = 1;
	classes = {
	};
	objectVersion = 45;
	objects = {

/* Begin PBXAggregateTarget section */
		24416B8111C4CA220047AFDD /* Build & Test */ = {
			isa = PBXAggregateTarget;
			buildConfigurationList = 24416B8A11C4CA520047AFDD /* Build configuration list for PBXAggregateTarget "Build & Test" */;
			buildPhases = (
				24416B8011C4CA220047AFDD /* ShellScript */,
			);
			dependencies = (
				24416B8511C4CA280047AFDD /* PBXTargetDependency */,
			);
			name = "Build & Test";
			productName = "Build & test";
		};
/* End PBXAggregateTarget section */

/* Begin PBXBuildFile section */
		24DD6CF91134B3F500162E58 /* ComTiopenglesModule.h in Headers */ = {isa = PBXBuildFile; fileRef = 24DD6CF71134B3F500162E58 /* ComTiopenglesModule.h */; };
		24DD6CFA1134B3F500162E58 /* ComTiopenglesModule.m in Sources */ = {isa = PBXBuildFile; fileRef = 24DD6CF81134B3F500162E58 /* ComTiopenglesModule.m */; };
		24DE9E1111C5FE74003F90F6 /* ComTiopenglesModuleAssets.h in Headers */ = {isa = PBXBuildFile; fileRef = 24DE9E0F11C5FE74003F90F6 /* ComTiopenglesModuleAssets.h */; };
		24DE9E1211C5FE74003F90F6 /* ComTiopenglesModuleAssets.m in Sources */ = {isa = PBXBuildFile; fileRef = 24DE9E1011C5FE74003F90F6 /* ComTiopenglesModuleAssets.m */; };
		3121171016FE86F900758319 /* ComTiopenglesParticleEmitterProxy.h in Headers */ = {isa = PBXBuildFile; fileRef = 3121170E16FE86F900758319 /* ComTiopenglesParticleEmitterProxy.h */; };
		3121171116FE86F900758319 /* ComTiopenglesParticleEmitterProxy.m in Sources */ = {isa = PBXBuildFile; fileRef = 3121170F16FE86F900758319 /* ComTiopenglesParticleEmitterProxy.m */; };
		3129741D13289396005C122A /* ComTiopengles3DModelProxy.h in Headers */ = {isa = PBXBuildFile; fileRef = 3129741B13289396005C122A /* ComTiopengles3DModelProxy.h */; };
		3129741E13289396005C122A /* ComTiopengles3DModelProxy.m in Sources */ = {isa = PBXBuildFile; fileRef = 3129741C13289396005C122A /* ComTiopengles3DModelProxy.m */; };
		31583C29136F892C0040B8D5 /* NSDataAdditions.h in Headers */ = {isa = PBXBuildFile; fileRef = 31583C1C136F892C0040B8D5 /* NSDataAdditions.h */; };
		31583C2A136F892C0040B8D5 /* NSDataAdditions.m in Sources */ = {isa = PBXBuildFile; fileRef = 31583C1D136F892C0040B8D5 /* NSDataAdditions.m */; };
		31583C2B136F892C0040B8D5 /* ParticleEmitter.h in Headers */ = {isa = PBXBuildFile; fileRef = 31583C1E136F892C0040B8D5 /* ParticleEmitter.h */; };
		31583C2C136F892C0040B8D5 /* ParticleEmitter.m in Sources */ = {isa = PBXBuildFile; fileRef = 31583C1F136F892C0040B8D5 /* ParticleEmitter.m */; };
		31583C2F136F892C0040B8D5 /* Structures.h in Headers */ = {isa = PBXBuildFile; fileRef = 31583C22136F892C0040B8D5 /* Structures.h */; };
		31583C30136F892C0040B8D5 /* TBXML.h in Headers */ = {isa = PBXBuildFile; fileRef = 31583C23136F892C0040B8D5 /* TBXML.h */; };
		31583C31136F892C0040B8D5 /* TBXML.m in Sources */ = {isa = PBXBuildFile; fileRef = 31583C24136F892C0040B8D5 /* TBXML.m */; };
		31583C32136F892C0040B8D5 /* TBXMLParticleAdditions.h in Headers */ = {isa = PBXBuildFile; fileRef = 31583C25136F892C0040B8D5 /* TBXMLParticleAdditions.h */; };
		31583C33136F892C0040B8D5 /* TBXMLParticleAdditions.m in Sources */ = {isa = PBXBuildFile; fileRef = 31583C26136F892C0040B8D5 /* TBXMLParticleAdditions.m */; };
		3163B3F01717B32E00BE00F1 /* libopencv_core.a in Frameworks */ = {isa = PBXBuildFile; fileRef = 3163B3EE1717B32E00BE00F1 /* libopencv_core.a */; };
		3163B3F11717B32E00BE00F1 /* libopencv_lapack.a in Frameworks */ = {isa = PBXBuildFile; fileRef = 3163B3EF1717B32E00BE00F1 /* libopencv_lapack.a */; };
		31736C53136F8BF3006DA0DC /* Global.h in Headers */ = {isa = PBXBuildFile; fileRef = 31736C50136F8BF3006DA0DC /* Global.h */; };
		31736C54136F8BF3006DA0DC /* Texture2D.h in Headers */ = {isa = PBXBuildFile; fileRef = 31736C51136F8BF3006DA0DC /* Texture2D.h */; };
		31736C55136F8BF3006DA0DC /* Texture2D.m in Sources */ = {isa = PBXBuildFile; fileRef = 31736C52136F8BF3006DA0DC /* Texture2D.m */; };
		317392C3134DB08C0038FEDD /* ComTiopenglesAnimationLayer.h in Headers */ = {isa = PBXBuildFile; fileRef = 317392C1134DB08C0038FEDD /* ComTiopenglesAnimationLayer.h */; };
		317392C4134DB08C0038FEDD /* ComTiopenglesAnimationLayer.m in Sources */ = {isa = PBXBuildFile; fileRef = 317392C2134DB08C0038FEDD /* ComTiopenglesAnimationLayer.m */; };
		31A1698B1717C51A00BB791B /* TiBlob+Composite.h in Headers */ = {isa = PBXBuildFile; fileRef = 31A169891717C51A00BB791B /* TiBlob+Composite.h */; };
		31A1698C1717C51A00BB791B /* TiBlob+Composite.m in Sources */ = {isa = PBXBuildFile; fileRef = 31A1698A1717C51A00BB791B /* TiBlob+Composite.m */; };
		31C33A7213370B5100B61B0E /* ComTiopenglesModelData3ds.h in Headers */ = {isa = PBXBuildFile; fileRef = 31C33A6F13370B5000B61B0E /* ComTiopenglesModelData3ds.h */; };
		31C33A7313370B5100B61B0E /* ComTiopenglesModelData3ds.m in Sources */ = {isa = PBXBuildFile; fileRef = 31C33A7013370B5100B61B0E /* ComTiopenglesModelData3ds.m */; };
		31C33A7413370B5100B61B0E /* ComTiopenglesModelDataProtocol.h in Headers */ = {isa = PBXBuildFile; fileRef = 31C33A7113370B5100B61B0E /* ComTiopenglesModelDataProtocol.h */; };
		31CFED441370F1DF006CDD0B /* CoreFoundation.framework in Frameworks */ = {isa = PBXBuildFile; fileRef = 31CFED421370F1DF006CDD0B /* CoreFoundation.framework */; };
		31CFED451370F1DF006CDD0B /* CoreGraphics.framework in Frameworks */ = {isa = PBXBuildFile; fileRef = 31CFED431370F1DF006CDD0B /* CoreGraphics.framework */; };
		31CFED471370F1E3006CDD0B /* UIKit.framework in Frameworks */ = {isa = PBXBuildFile; fileRef = 31CFED461370F1E3006CDD0B /* UIKit.framework */; };
		31CFED491370F1EA006CDD0B /* OpenGLES.framework in Frameworks */ = {isa = PBXBuildFile; fileRef = 31CFED481370F1EA006CDD0B /* OpenGLES.framework */; };
		31CFED4B1370F1F9006CDD0B /* QuartzCore.framework in Frameworks */ = {isa = PBXBuildFile; fileRef = 31CFED4A1370F1F8006CDD0B /* QuartzCore.framework */; };
		31EFD4351340244100B0F76F /* ComTiopenglesCameraProxy.h in Headers */ = {isa = PBXBuildFile; fileRef = 31EFD4331340244100B0F76F /* ComTiopenglesCameraProxy.h */; };
		31EFD4361340244100B0F76F /* ComTiopenglesCameraProxy.m in Sources */ = {isa = PBXBuildFile; fileRef = 31EFD4341340244100B0F76F /* ComTiopenglesCameraProxy.m */; };
		31FE644E132711EB00F3734D /* ComTiopenglesView.h in Headers */ = {isa = PBXBuildFile; fileRef = 31FE6445132711EB00F3734D /* ComTiopenglesView.h */; };
		31FE644F132711EB00F3734D /* ComTiopenglesView.m in Sources */ = {isa = PBXBuildFile; fileRef = 31FE6446132711EB00F3734D /* ComTiopenglesView.m */; };
		31FE6450132711EB00F3734D /* ComTiopenglesViewProxy.h in Headers */ = {isa = PBXBuildFile; fileRef = 31FE6447132711EB00F3734D /* ComTiopenglesViewProxy.h */; };
		31FE6451132711EB00F3734D /* ComTiopenglesViewProxy.m in Sources */ = {isa = PBXBuildFile; fileRef = 31FE6448132711EB00F3734D /* ComTiopenglesViewProxy.m */; };
		AA747D9F0F9514B9006C5449 /* ComTiopengles_Prefix.pch in Headers */ = {isa = PBXBuildFile; fileRef = AA747D9E0F9514B9006C5449 /* ComTiopengles_Prefix.pch */; };
/* End PBXBuildFile section */

/* Begin PBXContainerItemProxy section */
		24416B8411C4CA280047AFDD /* PBXContainerItemProxy */ = {
			isa = PBXContainerItemProxy;
			containerPortal = 0867D690FE84028FC02AAC07 /* Project object */;
			proxyType = 1;
			remoteGlobalIDString = D2AAC07D0554694100DB518D;
			remoteInfo = openglesti;
		};
/* End PBXContainerItemProxy section */

/* Begin PBXFileReference section */
		24DD6CF71134B3F500162E58 /* ComTiopenglesModule.h */ = {isa = PBXFileReference; fileEncoding = 4; lastKnownFileType = sourcecode.c.h; name = ComTiopenglesModule.h; path = Classes/ComTiopenglesModule.h; sourceTree = "<group>"; };
		24DD6CF81134B3F500162E58 /* ComTiopenglesModule.m */ = {isa = PBXFileReference; fileEncoding = 4; lastKnownFileType = sourcecode.c.objc; name = ComTiopenglesModule.m; path = Classes/ComTiopenglesModule.m; sourceTree = "<group>"; };
		24DD6D1B1134B66800162E58 /* titanium.xcconfig */ = {isa = PBXFileReference; fileEncoding = 4; lastKnownFileType = text.xcconfig; path = titanium.xcconfig; sourceTree = "<group>"; };
		24DE9E0F11C5FE74003F90F6 /* ComTiopenglesModuleAssets.h */ = {isa = PBXFileReference; fileEncoding = 4; lastKnownFileType = sourcecode.c.h; name = ComTiopenglesModuleAssets.h; path = Classes/ComTiopenglesModuleAssets.h; sourceTree = "<group>"; };
		24DE9E1011C5FE74003F90F6 /* ComTiopenglesModuleAssets.m */ = {isa = PBXFileReference; fileEncoding = 4; lastKnownFileType = sourcecode.c.objc; name = ComTiopenglesModuleAssets.m; path = Classes/ComTiopenglesModuleAssets.m; sourceTree = "<group>"; };
		3121170E16FE86F900758319 /* ComTiopenglesParticleEmitterProxy.h */ = {isa = PBXFileReference; fileEncoding = 4; lastKnownFileType = sourcecode.c.h; name = ComTiopenglesParticleEmitterProxy.h; path = Classes/ComTiopenglesParticleEmitterProxy.h; sourceTree = "<group>"; };
		3121170F16FE86F900758319 /* ComTiopenglesParticleEmitterProxy.m */ = {isa = PBXFileReference; fileEncoding = 4; lastKnownFileType = sourcecode.c.objc; name = ComTiopenglesParticleEmitterProxy.m; path = Classes/ComTiopenglesParticleEmitterProxy.m; sourceTree = "<group>"; };
		3129741B13289396005C122A /* ComTiopengles3DModelProxy.h */ = {isa = PBXFileReference; fileEncoding = 4; lastKnownFileType = sourcecode.c.h; name = ComTiopengles3DModelProxy.h; path = Classes/ComTiopengles3DModelProxy.h; sourceTree = "<group>"; };
		3129741C13289396005C122A /* ComTiopengles3DModelProxy.m */ = {isa = PBXFileReference; fileEncoding = 4; lastKnownFileType = sourcecode.c.objc; name = ComTiopengles3DModelProxy.m; path = Classes/ComTiopengles3DModelProxy.m; sourceTree = "<group>"; };
		31583C1C136F892C0040B8D5 /* NSDataAdditions.h */ = {isa = PBXFileReference; fileEncoding = 4; lastKnownFileType = sourcecode.c.h; name = NSDataAdditions.h; path = Classes/NSDataAdditions.h; sourceTree = "<group>"; };
		31583C1D136F892C0040B8D5 /* NSDataAdditions.m */ = {isa = PBXFileReference; fileEncoding = 4; lastKnownFileType = sourcecode.c.objc; name = NSDataAdditions.m; path = Classes/NSDataAdditions.m; sourceTree = "<group>"; };
		31583C1E136F892C0040B8D5 /* ParticleEmitter.h */ = {isa = PBXFileReference; fileEncoding = 4; lastKnownFileType = sourcecode.c.h; name = ParticleEmitter.h; path = Classes/ParticleEmitter.h; sourceTree = "<group>"; };
		31583C1F136F892C0040B8D5 /* ParticleEmitter.m */ = {isa = PBXFileReference; fileEncoding = 4; lastKnownFileType = sourcecode.c.objc; name = ParticleEmitter.m; path = Classes/ParticleEmitter.m; sourceTree = "<group>"; };
		31583C22136F892C0040B8D5 /* Structures.h */ = {isa = PBXFileReference; fileEncoding = 4; lastKnownFileType = sourcecode.c.h; name = Structures.h; path = Classes/Structures.h; sourceTree = "<group>"; };
		31583C23136F892C0040B8D5 /* TBXML.h */ = {isa = PBXFileReference; fileEncoding = 4; lastKnownFileType = sourcecode.c.h; name = TBXML.h; path = Classes/TBXML.h; sourceTree = "<group>"; };
		31583C24136F892C0040B8D5 /* TBXML.m */ = {isa = PBXFileReference; fileEncoding = 4; lastKnownFileType = sourcecode.c.objc; name = TBXML.m; path = Classes/TBXML.m; sourceTree = "<group>"; };
		31583C25136F892C0040B8D5 /* TBXMLParticleAdditions.h */ = {isa = PBXFileReference; fileEncoding = 4; lastKnownFileType = sourcecode.c.h; name = TBXMLParticleAdditions.h; path = Classes/TBXMLParticleAdditions.h; sourceTree = "<group>"; };
		31583C26136F892C0040B8D5 /* TBXMLParticleAdditions.m */ = {isa = PBXFileReference; fileEncoding = 4; lastKnownFileType = sourcecode.c.objc; name = TBXMLParticleAdditions.m; path = Classes/TBXMLParticleAdditions.m; sourceTree = "<group>"; };
		3163B3EE1717B32E00BE00F1 /* libopencv_core.a */ = {isa = PBXFileReference; lastKnownFileType = archive.ar; name = libopencv_core.a; path = opencv_universal/lib/libopencv_core.a; sourceTree = "<group>"; };
		3163B3EF1717B32E00BE00F1 /* libopencv_lapack.a */ = {isa = PBXFileReference; lastKnownFileType = archive.ar; name = libopencv_lapack.a; path = opencv_universal/lib/libopencv_lapack.a; sourceTree = "<group>"; };
		31736C50136F8BF3006DA0DC /* Global.h */ = {isa = PBXFileReference; fileEncoding = 4; lastKnownFileType = sourcecode.c.h; name = Global.h; path = Classes/Global.h; sourceTree = "<group>"; };
		31736C51136F8BF3006DA0DC /* Texture2D.h */ = {isa = PBXFileReference; fileEncoding = 4; lastKnownFileType = sourcecode.c.h; name = Texture2D.h; path = Classes/Texture2D.h; sourceTree = "<group>"; };
		31736C52136F8BF3006DA0DC /* Texture2D.m */ = {isa = PBXFileReference; fileEncoding = 4; lastKnownFileType = sourcecode.c.objc; name = Texture2D.m; path = Classes/Texture2D.m; sourceTree = "<group>"; };
		317392C1134DB08C0038FEDD /* ComTiopenglesAnimationLayer.h */ = {isa = PBXFileReference; fileEncoding = 4; lastKnownFileType = sourcecode.c.h; name = ComTiopenglesAnimationLayer.h; path = Classes/ComTiopenglesAnimationLayer.h; sourceTree = "<group>"; };
		317392C2134DB08C0038FEDD /* ComTiopenglesAnimationLayer.m */ = {isa = PBXFileReference; fileEncoding = 4; lastKnownFileType = sourcecode.c.objc; name = ComTiopenglesAnimationLayer.m; path = Classes/ComTiopenglesAnimationLayer.m; sourceTree = "<group>"; };
		31A169891717C51A00BB791B /* TiBlob+Composite.h */ = {isa = PBXFileReference; fileEncoding = 4; lastKnownFileType = sourcecode.c.h; name = "TiBlob+Composite.h"; path = "Classes/TiBlob+Composite.h"; sourceTree = "<group>"; };
		31A1698A1717C51A00BB791B /* TiBlob+Composite.m */ = {isa = PBXFileReference; fileEncoding = 4; lastKnownFileType = sourcecode.c.objc; name = "TiBlob+Composite.m"; path = "Classes/TiBlob+Composite.m"; sourceTree = "<group>"; };
		31C33A6F13370B5000B61B0E /* ComTiopenglesModelData3ds.h */ = {isa = PBXFileReference; fileEncoding = 4; lastKnownFileType = sourcecode.c.h; name = ComTiopenglesModelData3ds.h; path = Classes/ComTiopenglesModelData3ds.h; sourceTree = "<group>"; };
		31C33A7013370B5100B61B0E /* ComTiopenglesModelData3ds.m */ = {isa = PBXFileReference; fileEncoding = 4; lastKnownFileType = sourcecode.c.objc; name = ComTiopenglesModelData3ds.m; path = Classes/ComTiopenglesModelData3ds.m; sourceTree = "<group>"; };
		31C33A7113370B5100B61B0E /* ComTiopenglesModelDataProtocol.h */ = {isa = PBXFileReference; fileEncoding = 4; lastKnownFileType = sourcecode.c.h; name = ComTiopenglesModelDataProtocol.h; path = Classes/ComTiopenglesModelDataProtocol.h; sourceTree = "<group>"; };
		31CFED251370E506006CDD0B /* libz.dylib */ = {isa = PBXFileReference; lastKnownFileType = "compiled.mach-o.dylib"; name = libz.dylib; path = usr/lib/libz.dylib; sourceTree = SDKROOT; };
		31CFED421370F1DF006CDD0B /* CoreFoundation.framework */ = {isa = PBXFileReference; lastKnownFileType = wrapper.framework; name = CoreFoundation.framework; path = System/Library/Frameworks/CoreFoundation.framework; sourceTree = SDKROOT; };
		31CFED431370F1DF006CDD0B /* CoreGraphics.framework */ = {isa = PBXFileReference; lastKnownFileType = wrapper.framework; name = CoreGraphics.framework; path = System/Library/Frameworks/CoreGraphics.framework; sourceTree = SDKROOT; };
		31CFED461370F1E3006CDD0B /* UIKit.framework */ = {isa = PBXFileReference; lastKnownFileType = wrapper.framework; name = UIKit.framework; path = System/Library/Frameworks/UIKit.framework; sourceTree = SDKROOT; };
		31CFED481370F1EA006CDD0B /* OpenGLES.framework */ = {isa = PBXFileReference; lastKnownFileType = wrapper.framework; name = OpenGLES.framework; path = System/Library/Frameworks/OpenGLES.framework; sourceTree = SDKROOT; };
		31CFED4A1370F1F8006CDD0B /* QuartzCore.framework */ = {isa = PBXFileReference; lastKnownFileType = wrapper.framework; name = QuartzCore.framework; path = System/Library/Frameworks/QuartzCore.framework; sourceTree = SDKROOT; };
		31EFD4331340244100B0F76F /* ComTiopenglesCameraProxy.h */ = {isa = PBXFileReference; fileEncoding = 4; lastKnownFileType = sourcecode.c.h; name = ComTiopenglesCameraProxy.h; path = Classes/ComTiopenglesCameraProxy.h; sourceTree = "<group>"; };
		31EFD4341340244100B0F76F /* ComTiopenglesCameraProxy.m */ = {isa = PBXFileReference; fileEncoding = 4; lastKnownFileType = sourcecode.c.objc; name = ComTiopenglesCameraProxy.m; path = Classes/ComTiopenglesCameraProxy.m; sourceTree = "<group>"; };
		31FE6445132711EB00F3734D /* ComTiopenglesView.h */ = {isa = PBXFileReference; fileEncoding = 4; lastKnownFileType = sourcecode.c.h; name = ComTiopenglesView.h; path = Classes/ComTiopenglesView.h; sourceTree = "<group>"; };
		31FE6446132711EB00F3734D /* ComTiopenglesView.m */ = {isa = PBXFileReference; fileEncoding = 4; lastKnownFileType = sourcecode.c.objc; name = ComTiopenglesView.m; path = Classes/ComTiopenglesView.m; sourceTree = "<group>"; };
		31FE6447132711EB00F3734D /* ComTiopenglesViewProxy.h */ = {isa = PBXFileReference; fileEncoding = 4; lastKnownFileType = sourcecode.c.h; name = ComTiopenglesViewProxy.h; path = Classes/ComTiopenglesViewProxy.h; sourceTree = "<group>"; };
		31FE6448132711EB00F3734D /* ComTiopenglesViewProxy.m */ = {isa = PBXFileReference; fileEncoding = 4; lastKnownFileType = sourcecode.c.objc; name = ComTiopenglesViewProxy.m; path = Classes/ComTiopenglesViewProxy.m; sourceTree = "<group>"; };
		AA747D9E0F9514B9006C5449 /* ComTiopengles_Prefix.pch */ = {isa = PBXFileReference; fileEncoding = 4; lastKnownFileType = sourcecode.c.h; path = ComTiopengles_Prefix.pch; sourceTree = SOURCE_ROOT; };
		D2AAC07E0554694100DB518D /* libComTiopengles.a */ = {isa = PBXFileReference; explicitFileType = archive.ar; includeInIndex = 0; path = libComTiopengles.a; sourceTree = BUILT_PRODUCTS_DIR; };
/* End PBXFileReference section */

/* Begin PBXFrameworksBuildPhase section */
		D2AAC07C0554694100DB518D /* Frameworks */ = {
			isa = PBXFrameworksBuildPhase;
			buildActionMask = 2147483647;
			files = (
				31CFED4B1370F1F9006CDD0B /* QuartzCore.framework in Frameworks */,
				31CFED491370F1EA006CDD0B /* OpenGLES.framework in Frameworks */,
				31CFED471370F1E3006CDD0B /* UIKit.framework in Frameworks */,
				31CFED441370F1DF006CDD0B /* CoreFoundation.framework in Frameworks */,
				31CFED451370F1DF006CDD0B /* CoreGraphics.framework in Frameworks */,
				3163B3F01717B32E00BE00F1 /* libopencv_core.a in Frameworks */,
				3163B3F11717B32E00BE00F1 /* libopencv_lapack.a in Frameworks */,
			);
			runOnlyForDeploymentPostprocessing = 0;
		};
/* End PBXFrameworksBuildPhase section */

/* Begin PBXGroup section */
		034768DFFF38A50411DB9C8B /* Products */ = {
			isa = PBXGroup;
			children = (
				D2AAC07E0554694100DB518D /* libComTiopengles.a */,
			);
			name = Products;
			sourceTree = "<group>";
		};
		0867D691FE84028FC02AAC07 /* openglesti */ = {
			isa = PBXGroup;
			children = (
				08FB77AEFE84172EC02AAC07 /* Classes */,
				31CFED4F1370F253006CDD0B /* Frameworks */,
				31CFED4E1370F242006CDD0B /* Libraries */,
				32C88DFF0371C24200C91783 /* Other Sources */,
				034768DFFF38A50411DB9C8B /* Products */,
			);
			name = openglesti;
			sourceTree = "<group>";
		};
		08FB77AEFE84172EC02AAC07 /* Classes */ = {
			isa = PBXGroup;
			children = (
				31736C5C136F8EA9006DA0DC /* Camera */,
				31736C5B136F8E96006DA0DC /* View */,
				31736C5A136F8E6C006DA0DC /* Animation */,
				31736C59136F8E2A006DA0DC /* Model */,
				31736C58136F8E1F006DA0DC /* Particle */,
				24DE9E0F11C5FE74003F90F6 /* ComTiopenglesModuleAssets.h */,
				24DE9E1011C5FE74003F90F6 /* ComTiopenglesModuleAssets.m */,
				24DD6CF71134B3F500162E58 /* ComTiopenglesModule.h */,
				24DD6CF81134B3F500162E58 /* ComTiopenglesModule.m */,
				31A169891717C51A00BB791B /* TiBlob+Composite.h */,
				31A1698A1717C51A00BB791B /* TiBlob+Composite.m */,
			);
			name = Classes;
			sourceTree = "<group>";
		};
		31736C58136F8E1F006DA0DC /* Particle */ = {
			isa = PBXGroup;
			children = (
				3121170E16FE86F900758319 /* ComTiopenglesParticleEmitterProxy.h */,
				3121170F16FE86F900758319 /* ComTiopenglesParticleEmitterProxy.m */,
				31736C50136F8BF3006DA0DC /* Global.h */,
				31736C51136F8BF3006DA0DC /* Texture2D.h */,
				31736C52136F8BF3006DA0DC /* Texture2D.m */,
				31583C1C136F892C0040B8D5 /* NSDataAdditions.h */,
				31583C1D136F892C0040B8D5 /* NSDataAdditions.m */,
				31583C1E136F892C0040B8D5 /* ParticleEmitter.h */,
				31583C1F136F892C0040B8D5 /* ParticleEmitter.m */,
				31583C22136F892C0040B8D5 /* Structures.h */,
				31583C23136F892C0040B8D5 /* TBXML.h */,
				31583C24136F892C0040B8D5 /* TBXML.m */,
				31583C25136F892C0040B8D5 /* TBXMLParticleAdditions.h */,
				31583C26136F892C0040B8D5 /* TBXMLParticleAdditions.m */,
			);
			name = Particle;
			sourceTree = "<group>";
		};
		31736C59136F8E2A006DA0DC /* Model */ = {
			isa = PBXGroup;
			children = (
				3129741B13289396005C122A /* ComTiopengles3DModelProxy.h */,
				3129741C13289396005C122A /* ComTiopengles3DModelProxy.m */,
				31C33A6F13370B5000B61B0E /* ComTiopenglesModelData3ds.h */,
				31C33A7013370B5100B61B0E /* ComTiopenglesModelData3ds.m */,
				31C33A7113370B5100B61B0E /* ComTiopenglesModelDataProtocol.h */,
			);
			name = Model;
			sourceTree = "<group>";
		};
		31736C5A136F8E6C006DA0DC /* Animation */ = {
			isa = PBXGroup;
			children = (
				317392C1134DB08C0038FEDD /* ComTiopenglesAnimationLayer.h */,
				317392C2134DB08C0038FEDD /* ComTiopenglesAnimationLayer.m */,
			);
			name = Animation;
			sourceTree = "<group>";
		};
		31736C5B136F8E96006DA0DC /* View */ = {
			isa = PBXGroup;
			children = (
				31FE6445132711EB00F3734D /* ComTiopenglesView.h */,
				31FE6446132711EB00F3734D /* ComTiopenglesView.m */,
				31FE6447132711EB00F3734D /* ComTiopenglesViewProxy.h */,
				31FE6448132711EB00F3734D /* ComTiopenglesViewProxy.m */,
			);
			name = View;
			sourceTree = "<group>";
		};
		31736C5C136F8EA9006DA0DC /* Camera */ = {
			isa = PBXGroup;
			children = (
				31EFD4331340244100B0F76F /* ComTiopenglesCameraProxy.h */,
				31EFD4341340244100B0F76F /* ComTiopenglesCameraProxy.m */,
			);
			name = Camera;
			sourceTree = "<group>";
		};
		31CFED4E1370F242006CDD0B /* Libraries */ = {
			isa = PBXGroup;
			children = (
				3163B3EE1717B32E00BE00F1 /* libopencv_core.a */,
				3163B3EF1717B32E00BE00F1 /* libopencv_lapack.a */,
				31CFED251370E506006CDD0B /* libz.dylib */,
			);
			name = Libraries;
			sourceTree = "<group>";
		};
		31CFED4F1370F253006CDD0B /* Frameworks */ = {
			isa = PBXGroup;
			children = (
				31CFED4A1370F1F8006CDD0B /* QuartzCore.framework */,
				31CFED481370F1EA006CDD0B /* OpenGLES.framework */,
				31CFED461370F1E3006CDD0B /* UIKit.framework */,
				31CFED421370F1DF006CDD0B /* CoreFoundation.framework */,
				31CFED431370F1DF006CDD0B /* CoreGraphics.framework */,
			);
			name = Frameworks;
			sourceTree = "<group>";
		};
		32C88DFF0371C24200C91783 /* Other Sources */ = {
			isa = PBXGroup;
			children = (
				AA747D9E0F9514B9006C5449 /* ComTiopengles_Prefix.pch */,
				24DD6D1B1134B66800162E58 /* titanium.xcconfig */,
			);
			name = "Other Sources";
			sourceTree = "<group>";
		};
/* End PBXGroup section */

/* Begin PBXHeadersBuildPhase section */
		D2AAC07A0554694100DB518D /* Headers */ = {
			isa = PBXHeadersBuildPhase;
			buildActionMask = 2147483647;
			files = (
				AA747D9F0F9514B9006C5449 /* ComTiopengles_Prefix.pch in Headers */,
				24DD6CF91134B3F500162E58 /* ComTiopenglesModule.h in Headers */,
				24DE9E1111C5FE74003F90F6 /* ComTiopenglesModuleAssets.h in Headers */,
				31FE644E132711EB00F3734D /* ComTiopenglesView.h in Headers */,
				31FE6450132711EB00F3734D /* ComTiopenglesViewProxy.h in Headers */,
				3129741D13289396005C122A /* ComTiopengles3DModelProxy.h in Headers */,
				31C33A7213370B5100B61B0E /* ComTiopenglesModelData3ds.h in Headers */,
				31C33A7413370B5100B61B0E /* ComTiopenglesModelDataProtocol.h in Headers */,
				31EFD4351340244100B0F76F /* ComTiopenglesCameraProxy.h in Headers */,
				317392C3134DB08C0038FEDD /* ComTiopenglesAnimationLayer.h in Headers */,
				31583C29136F892C0040B8D5 /* NSDataAdditions.h in Headers */,
				31583C2B136F892C0040B8D5 /* ParticleEmitter.h in Headers */,
				31583C2F136F892C0040B8D5 /* Structures.h in Headers */,
				31583C30136F892C0040B8D5 /* TBXML.h in Headers */,
				31583C32136F892C0040B8D5 /* TBXMLParticleAdditions.h in Headers */,
				31736C53136F8BF3006DA0DC /* Global.h in Headers */,
				31736C54136F8BF3006DA0DC /* Texture2D.h in Headers */,
				3121171016FE86F900758319 /* ComTiopenglesParticleEmitterProxy.h in Headers */,
				31A1698B1717C51A00BB791B /* TiBlob+Composite.h in Headers */,
			);
			runOnlyForDeploymentPostprocessing = 0;
		};
/* End PBXHeadersBuildPhase section */

/* Begin PBXNativeTarget section */
		D2AAC07D0554694100DB518D /* tiopengles */ = {
			isa = PBXNativeTarget;
			buildConfigurationList = 1DEB921E08733DC00010E9CD /* Build configuration list for PBXNativeTarget "tiopengles" */;
			buildPhases = (
				D2AAC07A0554694100DB518D /* Headers */,
				D2AAC07B0554694100DB518D /* Sources */,
				D2AAC07C0554694100DB518D /* Frameworks */,
			);
			buildRules = (
			);
			dependencies = (
			);
			name = tiopengles;
			productName = openglesti;
			productReference = D2AAC07E0554694100DB518D /* libComTiopengles.a */;
			productType = "com.apple.product-type.library.static";
		};
/* End PBXNativeTarget section */

/* Begin PBXProject section */
		0867D690FE84028FC02AAC07 /* Project object */ = {
			isa = PBXProject;
			buildConfigurationList = 1DEB922208733DC00010E9CD /* Build configuration list for PBXProject "tiopengles" */;
			compatibilityVersion = "Xcode 3.1";
			developmentRegion = English;
			hasScannedForEncodings = 1;
			knownRegions = (
				English,
				Japanese,
				French,
				German,
			);
			mainGroup = 0867D691FE84028FC02AAC07 /* openglesti */;
			productRefGroup = 034768DFFF38A50411DB9C8B /* Products */;
			projectDirPath = "";
			projectRoot = "";
			targets = (
				D2AAC07D0554694100DB518D /* tiopengles */,
				24416B8111C4CA220047AFDD /* Build & Test */,
			);
		};
/* End PBXProject section */

/* Begin PBXShellScriptBuildPhase section */
		24416B8011C4CA220047AFDD /* ShellScript */ = {
			isa = PBXShellScriptBuildPhase;
			buildActionMask = 2147483647;
			files = (
			);
			inputPaths = (
			);
			outputPaths = (
			);
			runOnlyForDeploymentPostprocessing = 0;
			shellPath = /bin/sh;
			shellScript = "# shell script goes here\n\npython \"${TITANIUM_SDK}/titanium.py\" run --dir=\"${PROJECT_DIR}\"\nexit $?\n";
		};
/* End PBXShellScriptBuildPhase section */

/* Begin PBXSourcesBuildPhase section */
		D2AAC07B0554694100DB518D /* Sources */ = {
			isa = PBXSourcesBuildPhase;
			buildActionMask = 2147483647;
			files = (
				24DD6CFA1134B3F500162E58 /* ComTiopenglesModule.m in Sources */,
				24DE9E1211C5FE74003F90F6 /* ComTiopenglesModuleAssets.m in Sources */,
				31FE644F132711EB00F3734D /* ComTiopenglesView.m in Sources */,
				31FE6451132711EB00F3734D /* ComTiopenglesViewProxy.m in Sources */,
				3129741E13289396005C122A /* ComTiopengles3DModelProxy.m in Sources */,
				31C33A7313370B5100B61B0E /* ComTiopenglesModelData3ds.m in Sources */,
				31EFD4361340244100B0F76F /* ComTiopenglesCameraProxy.m in Sources */,
				317392C4134DB08C0038FEDD /* ComTiopenglesAnimationLayer.m in Sources */,
				31583C2A136F892C0040B8D5 /* NSDataAdditions.m in Sources */,
				31583C2C136F892C0040B8D5 /* ParticleEmitter.m in Sources */,
				31583C31136F892C0040B8D5 /* TBXML.m in Sources */,
				31583C33136F892C0040B8D5 /* TBXMLParticleAdditions.m in Sources */,
				31736C55136F8BF3006DA0DC /* Texture2D.m in Sources */,
				3121171116FE86F900758319 /* ComTiopenglesParticleEmitterProxy.m in Sources */,
				31A1698C1717C51A00BB791B /* TiBlob+Composite.m in Sources */,
			);
			runOnlyForDeploymentPostprocessing = 0;
		};
/* End PBXSourcesBuildPhase section */

/* Begin PBXTargetDependency section */
		24416B8511C4CA280047AFDD /* PBXTargetDependency */ = {
			isa = PBXTargetDependency;
			target = D2AAC07D0554694100DB518D /* tiopengles */;
			targetProxy = 24416B8411C4CA280047AFDD /* PBXContainerItemProxy */;
		};
/* End PBXTargetDependency section */

/* Begin XCBuildConfiguration section */
		1DEB921F08733DC00010E9CD /* Debug */ = {
			isa = XCBuildConfiguration;
			baseConfigurationReference = 24DD6D1B1134B66800162E58 /* titanium.xcconfig */;
			buildSettings = {
				ALWAYS_SEARCH_USER_PATHS = NO;
				ARCHS = "$(ARCHS_STANDARD_32_BIT)";
				COPY_PHASE_STRIP = NO;
				DSTROOT = /tmp/ComTiopengles.dst;
				GCC_DYNAMIC_NO_PIC = NO;
				GCC_ENABLE_FIX_AND_CONTINUE = YES;
				GCC_MODEL_TUNING = G5;
				GCC_OPTIMIZATION_LEVEL = 0;
				GCC_PRECOMPILE_PREFIX_HEADER = YES;
				GCC_PREFIX_HEADER = ComTiopengles_Prefix.pch;
				GCC_THUMB_SUPPORT = NO;
				HEADER_SEARCH_PATHS = (
					"$(TITANIUM_BASE_SDK)",
					"$(TITANIUM_BASE_SDK2)",
					opencv_universal/include,
				);
				INSTALL_PATH = /usr/local/lib;
				LIBRARY_SEARCH_PATHS = (
					"$(inherited)",
					"\"$(SRCROOT)/opencv_universal/lib\"",
				);
				PRODUCT_NAME = ComTiopengles;
				SDKROOT = iphoneos;
			};
			name = Debug;
		};
		1DEB922008733DC00010E9CD /* Release */ = {
			isa = XCBuildConfiguration;
			baseConfigurationReference = 24DD6D1B1134B66800162E58 /* titanium.xcconfig */;
			buildSettings = {
				ALWAYS_SEARCH_USER_PATHS = NO;
				ARCHS = "$(ARCHS_STANDARD_32_BIT)";
				DSTROOT = /tmp/ComTiopengles.dst;
				GCC_MODEL_TUNING = G5;
				GCC_PRECOMPILE_PREFIX_HEADER = YES;
				GCC_PREFIX_HEADER = ComTiopengles_Prefix.pch;
				GCC_THUMB_SUPPORT = NO;
				HEADER_SEARCH_PATHS = (
					"$(TITANIUM_BASE_SDK)",
					"$(TITANIUM_BASE_SDK2)",
					opencv_universal/include,
				);
				INSTALL_PATH = /usr/local/lib;
				LIBRARY_SEARCH_PATHS = (
					"$(inherited)",
					"\"$(SRCROOT)/opencv_universal/lib\"",
				);
				PRODUCT_NAME = ComTiopengles;
				SDKROOT = iphoneos;
			};
			name = Release;
		};
		1DEB922308733DC00010E9CD /* Debug */ = {
			isa = XCBuildConfiguration;
			baseConfigurationReference = 24DD6D1B1134B66800162E58 /* titanium.xcconfig */;
			buildSettings = {
				ARCHS = "$(ARCHS_STANDARD_32_BIT)";
				GCC_C_LANGUAGE_STANDARD = c99;
				GCC_OPTIMIZATION_LEVEL = 0;
				GCC_WARN_ABOUT_RETURN_TYPE = YES;
				GCC_WARN_UNUSED_VARIABLE = YES;
				HEADER_SEARCH_PATHS = (
					"$(SRC_ROOT)/opencv_universal/include",
					"$(TITANIUM_BASE_SDK)",
					"$(TITANIUM_BASE_SDK2)",
				);
				LIBRARY_SEARCH_PATHS = opencv_universal/lib;
				OTHER_LDFLAGS = "";
				PREBINDING = NO;
				SDKROOT = iphoneos4.2;
			};
			name = Debug;
		};
		1DEB922408733DC00010E9CD /* Release */ = {
			isa = XCBuildConfiguration;
			baseConfigurationReference = 24DD6D1B1134B66800162E58 /* titanium.xcconfig */;
			buildSettings = {
				ARCHS = "$(ARCHS_STANDARD_32_BIT)";
				GCC_C_LANGUAGE_STANDARD = c99;
				GCC_WARN_ABOUT_RETURN_TYPE = YES;
				GCC_WARN_UNUSED_VARIABLE = YES;
				HEADER_SEARCH_PATHS = (
					"$(SRC_ROOT)/opencv_universal/include",
					"$(TITANIUM_BASE_SDK)",
					"$(TITANIUM_BASE_SDK2)",
				);
				LIBRARY_SEARCH_PATHS = opencv_universal/lib;
				OTHER_LDFLAGS = "";
				PREBINDING = NO;
				SDKROOT = iphoneos4.2;
			};
			name = Release;
		};
		24416B8211C4CA220047AFDD /* Debug */ = {
			isa = XCBuildConfiguration;
			baseConfigurationReference = 24DD6D1B1134B66800162E58 /* titanium.xcconfig */;
			buildSettings = {
				COPY_PHASE_STRIP = NO;
				GCC_DYNAMIC_NO_PIC = NO;
				GCC_OPTIMIZATION_LEVEL = 0;
				PRODUCT_NAME = "Build & test";
				SDKROOT = iphoneos4.3;
				"SDKROOT[arch=*]" = iphoneos4.3;
			};
			name = Debug;
		};
		24416B8311C4CA220047AFDD /* Release */ = {
			isa = XCBuildConfiguration;
			baseConfigurationReference = 24DD6D1B1134B66800162E58 /* titanium.xcconfig */;
			buildSettings = {
				COPY_PHASE_STRIP = YES;
				DEBUG_INFORMATION_FORMAT = "dwarf-with-dsym";
				GCC_ENABLE_FIX_AND_CONTINUE = NO;
				PRODUCT_NAME = "Build & test";
				SDKROOT = iphoneos4.3;
				ZERO_LINK = NO;
			};
			name = Release;
		};
/* End XCBuildConfiguration section */

/* Begin XCConfigurationList section */
		1DEB921E08733DC00010E9CD /* Build configuration list for PBXNativeTarget "tiopengles" */ = {
			isa = XCConfigurationList;
			buildConfigurations = (
				1DEB921F08733DC00010E9CD /* Debug */,
				1DEB922008733DC00010E9CD /* Release */,
			);
			defaultConfigurationIsVisible = 0;
			defaultConfigurationName = Release;
		};
		1DEB922208733DC00010E9CD /* Build configuration list for PBXProject "tiopengles" */ = {
			isa = XCConfigurationList;
			buildConfigurations = (
				1DEB922308733DC00010E9CD /* Debug */,
				1DEB922408733DC00010E9CD /* Release */,
			);
			defaultConfigurationIsVisible = 0;
			defaultConfigurationName = Release;
		};
		24416B8A11C4CA520047AFDD /* Build configuration list for PBXAggregateTarget "Build & Test" */ = {
			isa = XCConfigurationList;
			buildConfigurations = (
				24416B8211C4CA220047AFDD /* Debug */,
				24416B8311C4CA220047AFDD /* Release */,
			);
			defaultConfigurationIsVisible = 0;
			defaultConfigurationName = Release;
		};
/* End XCConfigurationList section */
	};
	rootObject = 0867D690FE84028FC02AAC07 /* Project object */;
}
